// !$*UTF8*$!
{
	archiveVersion = 1;
	classes = {
	};
	objectVersion = 56;
	objects = {

/* Begin PBXBuildFile section */
		4005E50C04EF508EE61DCB72 /* Pods_TestMapBoxTests.framework in Frameworks */ = {isa = PBXBuildFile; fileRef = BB87DB64128555066D1184D3 /* Pods_TestMapBoxTests.framework */; };
		CF7E3328918FB295C8CED6B3 /* Pods_TestMapBox.framework in Frameworks */ = {isa = PBXBuildFile; fileRef = 9415536C12B710F8B42AEB57 /* Pods_TestMapBox.framework */; };
		D11EA5844EB4E38F47ADF453 /* Pods_TestMapBox_TestMapBoxUITests.framework in Frameworks */ = {isa = PBXBuildFile; fileRef = 87C54A84C4726D1207B454D3 /* Pods_TestMapBox_TestMapBoxUITests.framework */; };
		E474612E2A39E404001EBCDE /* AppDelegate.swift in Sources */ = {isa = PBXBuildFile; fileRef = E474612D2A39E404001EBCDE /* AppDelegate.swift */; };
		E47461302A39E404001EBCDE /* SceneDelegate.swift in Sources */ = {isa = PBXBuildFile; fileRef = E474612F2A39E404001EBCDE /* SceneDelegate.swift */; };
		E47461322A39E404001EBCDE /* ViewController.swift in Sources */ = {isa = PBXBuildFile; fileRef = E47461312A39E404001EBCDE /* ViewController.swift */; };
		E47461352A39E404001EBCDE /* Main.storyboard in Resources */ = {isa = PBXBuildFile; fileRef = E47461332A39E404001EBCDE /* Main.storyboard */; };
		E47461372A39E405001EBCDE /* Assets.xcassets in Resources */ = {isa = PBXBuildFile; fileRef = E47461362A39E405001EBCDE /* Assets.xcassets */; };
		E474613A2A39E405001EBCDE /* LaunchScreen.storyboard in Resources */ = {isa = PBXBuildFile; fileRef = E47461382A39E405001EBCDE /* LaunchScreen.storyboard */; };
		E47461452A39E405001EBCDE /* TestMapBoxTests.swift in Sources */ = {isa = PBXBuildFile; fileRef = E47461442A39E405001EBCDE /* TestMapBoxTests.swift */; };
		E474614F2A39E405001EBCDE /* TestMapBoxUITests.swift in Sources */ = {isa = PBXBuildFile; fileRef = E474614E2A39E405001EBCDE /* TestMapBoxUITests.swift */; };
		E47461512A39E405001EBCDE /* TestMapBoxUITestsLaunchTests.swift in Sources */ = {isa = PBXBuildFile; fileRef = E47461502A39E405001EBCDE /* TestMapBoxUITestsLaunchTests.swift */; };
		E474615E2A39E556001EBCDE /* PointAnnotationExtension.swift in Sources */ = {isa = PBXBuildFile; fileRef = E474615D2A39E556001EBCDE /* PointAnnotationExtension.swift */; };
		E47461602A3B288E001EBCDE /* UserLocationPinView.swift in Sources */ = {isa = PBXBuildFile; fileRef = E474615F2A3B288E001EBCDE /* UserLocationPinView.swift */; };
/* End PBXBuildFile section */

/* Begin PBXContainerItemProxy section */
		E47461412A39E405001EBCDE /* PBXContainerItemProxy */ = {
			isa = PBXContainerItemProxy;
			containerPortal = E47461222A39E404001EBCDE /* Project object */;
			proxyType = 1;
			remoteGlobalIDString = E47461292A39E404001EBCDE;
			remoteInfo = TestMapBox;
		};
		E474614B2A39E405001EBCDE /* PBXContainerItemProxy */ = {
			isa = PBXContainerItemProxy;
			containerPortal = E47461222A39E404001EBCDE /* Project object */;
			proxyType = 1;
			remoteGlobalIDString = E47461292A39E404001EBCDE;
			remoteInfo = TestMapBox;
		};
/* End PBXContainerItemProxy section */

/* Begin PBXFileReference section */
		024AF58A909FC6CE1AD06138 /* Pods-TestMapBox.debug.xcconfig */ = {isa = PBXFileReference; includeInIndex = 1; lastKnownFileType = text.xcconfig; name = "Pods-TestMapBox.debug.xcconfig"; path = "Target Support Files/Pods-TestMapBox/Pods-TestMapBox.debug.xcconfig"; sourceTree = "<group>"; };
		515A8B76307CC490FAD6D28B /* Pods-TestMapBoxTests.debug.xcconfig */ = {isa = PBXFileReference; includeInIndex = 1; lastKnownFileType = text.xcconfig; name = "Pods-TestMapBoxTests.debug.xcconfig"; path = "Target Support Files/Pods-TestMapBoxTests/Pods-TestMapBoxTests.debug.xcconfig"; sourceTree = "<group>"; };
		6C8FF4F31D9C22AFA0E4393A /* Pods-TestMapBoxTests.release.xcconfig */ = {isa = PBXFileReference; includeInIndex = 1; lastKnownFileType = text.xcconfig; name = "Pods-TestMapBoxTests.release.xcconfig"; path = "Target Support Files/Pods-TestMapBoxTests/Pods-TestMapBoxTests.release.xcconfig"; sourceTree = "<group>"; };
		6D4F2C631118CB36987DAC69 /* Pods-TestMapBox-TestMapBoxUITests.release.xcconfig */ = {isa = PBXFileReference; includeInIndex = 1; lastKnownFileType = text.xcconfig; name = "Pods-TestMapBox-TestMapBoxUITests.release.xcconfig"; path = "Target Support Files/Pods-TestMapBox-TestMapBoxUITests/Pods-TestMapBox-TestMapBoxUITests.release.xcconfig"; sourceTree = "<group>"; };
		87C54A84C4726D1207B454D3 /* Pods_TestMapBox_TestMapBoxUITests.framework */ = {isa = PBXFileReference; explicitFileType = wrapper.framework; includeInIndex = 0; path = Pods_TestMapBox_TestMapBoxUITests.framework; sourceTree = BUILT_PRODUCTS_DIR; };
		91A61E74DE3FCB414694CCFF /* Pods-TestMapBox-TestMapBoxUITests.debug.xcconfig */ = {isa = PBXFileReference; includeInIndex = 1; lastKnownFileType = text.xcconfig; name = "Pods-TestMapBox-TestMapBoxUITests.debug.xcconfig"; path = "Target Support Files/Pods-TestMapBox-TestMapBoxUITests/Pods-TestMapBox-TestMapBoxUITests.debug.xcconfig"; sourceTree = "<group>"; };
		9415536C12B710F8B42AEB57 /* Pods_TestMapBox.framework */ = {isa = PBXFileReference; explicitFileType = wrapper.framework; includeInIndex = 0; path = Pods_TestMapBox.framework; sourceTree = BUILT_PRODUCTS_DIR; };
		BB87DB64128555066D1184D3 /* Pods_TestMapBoxTests.framework */ = {isa = PBXFileReference; explicitFileType = wrapper.framework; includeInIndex = 0; path = Pods_TestMapBoxTests.framework; sourceTree = BUILT_PRODUCTS_DIR; };
		E474612A2A39E404001EBCDE /* TestMapBox.app */ = {isa = PBXFileReference; explicitFileType = wrapper.application; includeInIndex = 0; path = TestMapBox.app; sourceTree = BUILT_PRODUCTS_DIR; };
		E474612D2A39E404001EBCDE /* AppDelegate.swift */ = {isa = PBXFileReference; lastKnownFileType = sourcecode.swift; path = AppDelegate.swift; sourceTree = "<group>"; };
		E474612F2A39E404001EBCDE /* SceneDelegate.swift */ = {isa = PBXFileReference; lastKnownFileType = sourcecode.swift; path = SceneDelegate.swift; sourceTree = "<group>"; };
		E47461312A39E404001EBCDE /* ViewController.swift */ = {isa = PBXFileReference; lastKnownFileType = sourcecode.swift; path = ViewController.swift; sourceTree = "<group>"; };
		E47461342A39E404001EBCDE /* Base */ = {isa = PBXFileReference; lastKnownFileType = file.storyboard; name = Base; path = Base.lproj/Main.storyboard; sourceTree = "<group>"; };
		E47461362A39E405001EBCDE /* Assets.xcassets */ = {isa = PBXFileReference; lastKnownFileType = folder.assetcatalog; path = Assets.xcassets; sourceTree = "<group>"; };
		E47461392A39E405001EBCDE /* Base */ = {isa = PBXFileReference; lastKnownFileType = file.storyboard; name = Base; path = Base.lproj/LaunchScreen.storyboard; sourceTree = "<group>"; };
		E474613B2A39E405001EBCDE /* Info.plist */ = {isa = PBXFileReference; lastKnownFileType = text.plist.xml; path = Info.plist; sourceTree = "<group>"; };
		E47461402A39E405001EBCDE /* TestMapBoxTests.xctest */ = {isa = PBXFileReference; explicitFileType = wrapper.cfbundle; includeInIndex = 0; path = TestMapBoxTests.xctest; sourceTree = BUILT_PRODUCTS_DIR; };
		E47461442A39E405001EBCDE /* TestMapBoxTests.swift */ = {isa = PBXFileReference; lastKnownFileType = sourcecode.swift; path = TestMapBoxTests.swift; sourceTree = "<group>"; };
		E474614A2A39E405001EBCDE /* TestMapBoxUITests.xctest */ = {isa = PBXFileReference; explicitFileType = wrapper.cfbundle; includeInIndex = 0; path = TestMapBoxUITests.xctest; sourceTree = BUILT_PRODUCTS_DIR; };
		E474614E2A39E405001EBCDE /* TestMapBoxUITests.swift */ = {isa = PBXFileReference; lastKnownFileType = sourcecode.swift; path = TestMapBoxUITests.swift; sourceTree = "<group>"; };
		E47461502A39E405001EBCDE /* TestMapBoxUITestsLaunchTests.swift */ = {isa = PBXFileReference; lastKnownFileType = sourcecode.swift; path = TestMapBoxUITestsLaunchTests.swift; sourceTree = "<group>"; };
		E474615D2A39E556001EBCDE /* PointAnnotationExtension.swift */ = {isa = PBXFileReference; lastKnownFileType = sourcecode.swift; path = PointAnnotationExtension.swift; sourceTree = "<group>"; };
		E474615F2A3B288E001EBCDE /* UserLocationPinView.swift */ = {isa = PBXFileReference; lastKnownFileType = sourcecode.swift; path = UserLocationPinView.swift; sourceTree = "<group>"; };
		F9EB23BE9EA1860214A4CAAF /* Pods-TestMapBox.release.xcconfig */ = {isa = PBXFileReference; includeInIndex = 1; lastKnownFileType = text.xcconfig; name = "Pods-TestMapBox.release.xcconfig"; path = "Target Support Files/Pods-TestMapBox/Pods-TestMapBox.release.xcconfig"; sourceTree = "<group>"; };
/* End PBXFileReference section */

/* Begin PBXFrameworksBuildPhase section */
		E47461272A39E404001EBCDE /* Frameworks */ = {
			isa = PBXFrameworksBuildPhase;
			buildActionMask = 2147483647;
			files = (
				CF7E3328918FB295C8CED6B3 /* Pods_TestMapBox.framework in Frameworks */,
			);
			runOnlyForDeploymentPostprocessing = 0;
		};
		E474613D2A39E405001EBCDE /* Frameworks */ = {
			isa = PBXFrameworksBuildPhase;
			buildActionMask = 2147483647;
			files = (
				4005E50C04EF508EE61DCB72 /* Pods_TestMapBoxTests.framework in Frameworks */,
			);
			runOnlyForDeploymentPostprocessing = 0;
		};
		E47461472A39E405001EBCDE /* Frameworks */ = {
			isa = PBXFrameworksBuildPhase;
			buildActionMask = 2147483647;
			files = (
				D11EA5844EB4E38F47ADF453 /* Pods_TestMapBox_TestMapBoxUITests.framework in Frameworks */,
			);
			runOnlyForDeploymentPostprocessing = 0;
		};
/* End PBXFrameworksBuildPhase section */

/* Begin PBXGroup section */
		1B891B0F58ECEE2197060640 /* Pods */ = {
			isa = PBXGroup;
			children = (
				024AF58A909FC6CE1AD06138 /* Pods-TestMapBox.debug.xcconfig */,
				F9EB23BE9EA1860214A4CAAF /* Pods-TestMapBox.release.xcconfig */,
				91A61E74DE3FCB414694CCFF /* Pods-TestMapBox-TestMapBoxUITests.debug.xcconfig */,
				6D4F2C631118CB36987DAC69 /* Pods-TestMapBox-TestMapBoxUITests.release.xcconfig */,
				515A8B76307CC490FAD6D28B /* Pods-TestMapBoxTests.debug.xcconfig */,
				6C8FF4F31D9C22AFA0E4393A /* Pods-TestMapBoxTests.release.xcconfig */,
			);
			path = Pods;
			sourceTree = "<group>";
		};
		E47461212A39E404001EBCDE = {
			isa = PBXGroup;
			children = (
				E474612C2A39E404001EBCDE /* TestMapBox */,
				E47461432A39E405001EBCDE /* TestMapBoxTests */,
				E474614D2A39E405001EBCDE /* TestMapBoxUITests */,
				E474612B2A39E404001EBCDE /* Products */,
				1B891B0F58ECEE2197060640 /* Pods */,
				FB562EB87C504DC705F0FA66 /* Frameworks */,
			);
			sourceTree = "<group>";
		};
		E474612B2A39E404001EBCDE /* Products */ = {
			isa = PBXGroup;
			children = (
				E474612A2A39E404001EBCDE /* TestMapBox.app */,
				E47461402A39E405001EBCDE /* TestMapBoxTests.xctest */,
				E474614A2A39E405001EBCDE /* TestMapBoxUITests.xctest */,
			);
			name = Products;
			sourceTree = "<group>";
		};
		E474612C2A39E404001EBCDE /* TestMapBox */ = {
			isa = PBXGroup;
			children = (
				E474612D2A39E404001EBCDE /* AppDelegate.swift */,
				E474615F2A3B288E001EBCDE /* UserLocationPinView.swift */,
				E474612F2A39E404001EBCDE /* SceneDelegate.swift */,
				E474615D2A39E556001EBCDE /* PointAnnotationExtension.swift */,
				E47461312A39E404001EBCDE /* ViewController.swift */,
				E47461332A39E404001EBCDE /* Main.storyboard */,
				E47461362A39E405001EBCDE /* Assets.xcassets */,
				E47461382A39E405001EBCDE /* LaunchScreen.storyboard */,
				E474613B2A39E405001EBCDE /* Info.plist */,
			);
			path = TestMapBox;
			sourceTree = "<group>";
		};
		E47461432A39E405001EBCDE /* TestMapBoxTests */ = {
			isa = PBXGroup;
			children = (
				E47461442A39E405001EBCDE /* TestMapBoxTests.swift */,
			);
			path = TestMapBoxTests;
			sourceTree = "<group>";
		};
		E474614D2A39E405001EBCDE /* TestMapBoxUITests */ = {
			isa = PBXGroup;
			children = (
				E474614E2A39E405001EBCDE /* TestMapBoxUITests.swift */,
				E47461502A39E405001EBCDE /* TestMapBoxUITestsLaunchTests.swift */,
			);
			path = TestMapBoxUITests;
			sourceTree = "<group>";
		};
		FB562EB87C504DC705F0FA66 /* Frameworks */ = {
			isa = PBXGroup;
			children = (
				9415536C12B710F8B42AEB57 /* Pods_TestMapBox.framework */,
				87C54A84C4726D1207B454D3 /* Pods_TestMapBox_TestMapBoxUITests.framework */,
				BB87DB64128555066D1184D3 /* Pods_TestMapBoxTests.framework */,
			);
			name = Frameworks;
			sourceTree = "<group>";
		};
/* End PBXGroup section */

/* Begin PBXNativeTarget section */
		E47461292A39E404001EBCDE /* TestMapBox */ = {
			isa = PBXNativeTarget;
			buildConfigurationList = E47461542A39E405001EBCDE /* Build configuration list for PBXNativeTarget "TestMapBox" */;
			buildPhases = (
				7CCE5A0F72038C1F313FDB2E /* [CP] Check Pods Manifest.lock */,
				E47461262A39E404001EBCDE /* Sources */,
				E47461272A39E404001EBCDE /* Frameworks */,
				E47461282A39E404001EBCDE /* Resources */,
				65B2244E427883916C67600C /* [CP] Embed Pods Frameworks */,
			);
			buildRules = (
			);
			dependencies = (
			);
			name = TestMapBox;
			productName = TestMapBox;
			productReference = E474612A2A39E404001EBCDE /* TestMapBox.app */;
			productType = "com.apple.product-type.application";
		};
		E474613F2A39E405001EBCDE /* TestMapBoxTests */ = {
			isa = PBXNativeTarget;
			buildConfigurationList = E47461572A39E405001EBCDE /* Build configuration list for PBXNativeTarget "TestMapBoxTests" */;
			buildPhases = (
				990CA670A59AAFDB6D8702F2 /* [CP] Check Pods Manifest.lock */,
				E474613C2A39E405001EBCDE /* Sources */,
				E474613D2A39E405001EBCDE /* Frameworks */,
				E474613E2A39E405001EBCDE /* Resources */,
			);
			buildRules = (
			);
			dependencies = (
				E47461422A39E405001EBCDE /* PBXTargetDependency */,
			);
			name = TestMapBoxTests;
			productName = TestMapBoxTests;
			productReference = E47461402A39E405001EBCDE /* TestMapBoxTests.xctest */;
			productType = "com.apple.product-type.bundle.unit-test";
		};
		E47461492A39E405001EBCDE /* TestMapBoxUITests */ = {
			isa = PBXNativeTarget;
			buildConfigurationList = E474615A2A39E405001EBCDE /* Build configuration list for PBXNativeTarget "TestMapBoxUITests" */;
			buildPhases = (
				EFA5CE5545F86AEB174FB4AE /* [CP] Check Pods Manifest.lock */,
				E47461462A39E405001EBCDE /* Sources */,
				E47461472A39E405001EBCDE /* Frameworks */,
				E47461482A39E405001EBCDE /* Resources */,
				C97F0FBB0909886ADDA10929 /* [CP] Embed Pods Frameworks */,
			);
			buildRules = (
			);
			dependencies = (
				E474614C2A39E405001EBCDE /* PBXTargetDependency */,
			);
			name = TestMapBoxUITests;
			productName = TestMapBoxUITests;
			productReference = E474614A2A39E405001EBCDE /* TestMapBoxUITests.xctest */;
			productType = "com.apple.product-type.bundle.ui-testing";
		};
/* End PBXNativeTarget section */

/* Begin PBXProject section */
		E47461222A39E404001EBCDE /* Project object */ = {
			isa = PBXProject;
			attributes = {
				BuildIndependentTargetsInParallel = 1;
				LastSwiftUpdateCheck = 1420;
				LastUpgradeCheck = 1420;
				TargetAttributes = {
					E47461292A39E404001EBCDE = {
						CreatedOnToolsVersion = 14.2;
					};
					E474613F2A39E405001EBCDE = {
						CreatedOnToolsVersion = 14.2;
						TestTargetID = E47461292A39E404001EBCDE;
					};
					E47461492A39E405001EBCDE = {
						CreatedOnToolsVersion = 14.2;
						TestTargetID = E47461292A39E404001EBCDE;
					};
				};
			};
			buildConfigurationList = E47461252A39E404001EBCDE /* Build configuration list for PBXProject "TestMapBox" */;
			compatibilityVersion = "Xcode 14.0";
			developmentRegion = en;
			hasScannedForEncodings = 0;
			knownRegions = (
				en,
				Base,
			);
			mainGroup = E47461212A39E404001EBCDE;
			productRefGroup = E474612B2A39E404001EBCDE /* Products */;
			projectDirPath = "";
			projectRoot = "";
			targets = (
				E47461292A39E404001EBCDE /* TestMapBox */,
				E474613F2A39E405001EBCDE /* TestMapBoxTests */,
				E47461492A39E405001EBCDE /* TestMapBoxUITests */,
			);
		};
/* End PBXProject section */

/* Begin PBXResourcesBuildPhase section */
		E47461282A39E404001EBCDE /* Resources */ = {
			isa = PBXResourcesBuildPhase;
			buildActionMask = 2147483647;
			files = (
				E474613A2A39E405001EBCDE /* LaunchScreen.storyboard in Resources */,
				E47461372A39E405001EBCDE /* Assets.xcassets in Resources */,
				E47461352A39E404001EBCDE /* Main.storyboard in Resources */,
			);
			runOnlyForDeploymentPostprocessing = 0;
		};
		E474613E2A39E405001EBCDE /* Resources */ = {
			isa = PBXResourcesBuildPhase;
			buildActionMask = 2147483647;
			files = (
			);
			runOnlyForDeploymentPostprocessing = 0;
		};
		E47461482A39E405001EBCDE /* Resources */ = {
			isa = PBXResourcesBuildPhase;
			buildActionMask = 2147483647;
			files = (
			);
			runOnlyForDeploymentPostprocessing = 0;
		};
/* End PBXResourcesBuildPhase section */

/* Begin PBXShellScriptBuildPhase section */
		65B2244E427883916C67600C /* [CP] Embed Pods Frameworks */ = {
			isa = PBXShellScriptBuildPhase;
			buildActionMask = 2147483647;
			files = (
			);
			inputFileListPaths = (
				"${PODS_ROOT}/Target Support Files/Pods-TestMapBox/Pods-TestMapBox-frameworks-${CONFIGURATION}-input-files.xcfilelist",
			);
			name = "[CP] Embed Pods Frameworks";
			outputFileListPaths = (
				"${PODS_ROOT}/Target Support Files/Pods-TestMapBox/Pods-TestMapBox-frameworks-${CONFIGURATION}-output-files.xcfilelist",
			);
			runOnlyForDeploymentPostprocessing = 0;
			shellPath = /bin/sh;
			shellScript = "\"${PODS_ROOT}/Target Support Files/Pods-TestMapBox/Pods-TestMapBox-frameworks.sh\"\n";
			showEnvVarsInLog = 0;
		};
		7CCE5A0F72038C1F313FDB2E /* [CP] Check Pods Manifest.lock */ = {
			isa = PBXShellScriptBuildPhase;
			buildActionMask = 2147483647;
			files = (
			);
			inputFileListPaths = (
			);
			inputPaths = (
				"${PODS_PODFILE_DIR_PATH}/Podfile.lock",
				"${PODS_ROOT}/Manifest.lock",
			);
			name = "[CP] Check Pods Manifest.lock";
			outputFileListPaths = (
			);
			outputPaths = (
				"$(DERIVED_FILE_DIR)/Pods-TestMapBox-checkManifestLockResult.txt",
			);
			runOnlyForDeploymentPostprocessing = 0;
			shellPath = /bin/sh;
			shellScript = "diff \"${PODS_PODFILE_DIR_PATH}/Podfile.lock\" \"${PODS_ROOT}/Manifest.lock\" > /dev/null\nif [ $? != 0 ] ; then\n    # print error to STDERR\n    echo \"error: The sandbox is not in sync with the Podfile.lock. Run 'pod install' or update your CocoaPods installation.\" >&2\n    exit 1\nfi\n# This output is used by Xcode 'outputs' to avoid re-running this script phase.\necho \"SUCCESS\" > \"${SCRIPT_OUTPUT_FILE_0}\"\n";
			showEnvVarsInLog = 0;
		};
		990CA670A59AAFDB6D8702F2 /* [CP] Check Pods Manifest.lock */ = {
			isa = PBXShellScriptBuildPhase;
			buildActionMask = 2147483647;
			files = (
			);
			inputFileListPaths = (
			);
			inputPaths = (
				"${PODS_PODFILE_DIR_PATH}/Podfile.lock",
				"${PODS_ROOT}/Manifest.lock",
			);
			name = "[CP] Check Pods Manifest.lock";
			outputFileListPaths = (
			);
			outputPaths = (
				"$(DERIVED_FILE_DIR)/Pods-TestMapBoxTests-checkManifestLockResult.txt",
			);
			runOnlyForDeploymentPostprocessing = 0;
			shellPath = /bin/sh;
			shellScript = "diff \"${PODS_PODFILE_DIR_PATH}/Podfile.lock\" \"${PODS_ROOT}/Manifest.lock\" > /dev/null\nif [ $? != 0 ] ; then\n    # print error to STDERR\n    echo \"error: The sandbox is not in sync with the Podfile.lock. Run 'pod install' or update your CocoaPods installation.\" >&2\n    exit 1\nfi\n# This output is used by Xcode 'outputs' to avoid re-running this script phase.\necho \"SUCCESS\" > \"${SCRIPT_OUTPUT_FILE_0}\"\n";
			showEnvVarsInLog = 0;
		};
		C97F0FBB0909886ADDA10929 /* [CP] Embed Pods Frameworks */ = {
			isa = PBXShellScriptBuildPhase;
			buildActionMask = 2147483647;
			files = (
			);
			inputFileListPaths = (
				"${PODS_ROOT}/Target Support Files/Pods-TestMapBox-TestMapBoxUITests/Pods-TestMapBox-TestMapBoxUITests-frameworks-${CONFIGURATION}-input-files.xcfilelist",
			);
			name = "[CP] Embed Pods Frameworks";
			outputFileListPaths = (
				"${PODS_ROOT}/Target Support Files/Pods-TestMapBox-TestMapBoxUITests/Pods-TestMapBox-TestMapBoxUITests-frameworks-${CONFIGURATION}-output-files.xcfilelist",
			);
			runOnlyForDeploymentPostprocessing = 0;
			shellPath = /bin/sh;
			shellScript = "\"${PODS_ROOT}/Target Support Files/Pods-TestMapBox-TestMapBoxUITests/Pods-TestMapBox-TestMapBoxUITests-frameworks.sh\"\n";
			showEnvVarsInLog = 0;
		};
		EFA5CE5545F86AEB174FB4AE /* [CP] Check Pods Manifest.lock */ = {
			isa = PBXShellScriptBuildPhase;
			buildActionMask = 2147483647;
			files = (
			);
			inputFileListPaths = (
			);
			inputPaths = (
				"${PODS_PODFILE_DIR_PATH}/Podfile.lock",
				"${PODS_ROOT}/Manifest.lock",
			);
			name = "[CP] Check Pods Manifest.lock";
			outputFileListPaths = (
			);
			outputPaths = (
				"$(DERIVED_FILE_DIR)/Pods-TestMapBox-TestMapBoxUITests-checkManifestLockResult.txt",
			);
			runOnlyForDeploymentPostprocessing = 0;
			shellPath = /bin/sh;
			shellScript = "diff \"${PODS_PODFILE_DIR_PATH}/Podfile.lock\" \"${PODS_ROOT}/Manifest.lock\" > /dev/null\nif [ $? != 0 ] ; then\n    # print error to STDERR\n    echo \"error: The sandbox is not in sync with the Podfile.lock. Run 'pod install' or update your CocoaPods installation.\" >&2\n    exit 1\nfi\n# This output is used by Xcode 'outputs' to avoid re-running this script phase.\necho \"SUCCESS\" > \"${SCRIPT_OUTPUT_FILE_0}\"\n";
			showEnvVarsInLog = 0;
		};
/* End PBXShellScriptBuildPhase section */

/* Begin PBXSourcesBuildPhase section */
		E47461262A39E404001EBCDE /* Sources */ = {
			isa = PBXSourcesBuildPhase;
			buildActionMask = 2147483647;
			files = (
				E47461322A39E404001EBCDE /* ViewController.swift in Sources */,
				E47461602A3B288E001EBCDE /* UserLocationPinView.swift in Sources */,
				E474612E2A39E404001EBCDE /* AppDelegate.swift in Sources */,
				E47461302A39E404001EBCDE /* SceneDelegate.swift in Sources */,
				E474615E2A39E556001EBCDE /* PointAnnotationExtension.swift in Sources */,
			);
			runOnlyForDeploymentPostprocessing = 0;
		};
		E474613C2A39E405001EBCDE /* Sources */ = {
			isa = PBXSourcesBuildPhase;
			buildActionMask = 2147483647;
			files = (
				E47461452A39E405001EBCDE /* TestMapBoxTests.swift in Sources */,
			);
			runOnlyForDeploymentPostprocessing = 0;
		};
		E47461462A39E405001EBCDE /* Sources */ = {
			isa = PBXSourcesBuildPhase;
			buildActionMask = 2147483647;
			files = (
				E474614F2A39E405001EBCDE /* TestMapBoxUITests.swift in Sources */,
				E47461512A39E405001EBCDE /* TestMapBoxUITestsLaunchTests.swift in Sources */,
			);
			runOnlyForDeploymentPostprocessing = 0;
		};
/* End PBXSourcesBuildPhase section */

/* Begin PBXTargetDependency section */
		E47461422A39E405001EBCDE /* PBXTargetDependency */ = {
			isa = PBXTargetDependency;
			target = E47461292A39E404001EBCDE /* TestMapBox */;
			targetProxy = E47461412A39E405001EBCDE /* PBXContainerItemProxy */;
		};
		E474614C2A39E405001EBCDE /* PBXTargetDependency */ = {
			isa = PBXTargetDependency;
			target = E47461292A39E404001EBCDE /* TestMapBox */;
			targetProxy = E474614B2A39E405001EBCDE /* PBXContainerItemProxy */;
		};
/* End PBXTargetDependency section */

/* Begin PBXVariantGroup section */
		E47461332A39E404001EBCDE /* Main.storyboard */ = {
			isa = PBXVariantGroup;
			children = (
				E47461342A39E404001EBCDE /* Base */,
			);
			name = Main.storyboard;
			sourceTree = "<group>";
		};
		E47461382A39E405001EBCDE /* LaunchScreen.storyboard */ = {
			isa = PBXVariantGroup;
			children = (
				E47461392A39E405001EBCDE /* Base */,
			);
			name = LaunchScreen.storyboard;
			sourceTree = "<group>";
		};
/* End PBXVariantGroup section */

/* Begin XCBuildConfiguration section */
		E47461522A39E405001EBCDE /* Debug */ = {
			isa = XCBuildConfiguration;
			buildSettings = {
				ALWAYS_SEARCH_USER_PATHS = NO;
				CLANG_ANALYZER_NONNULL = YES;
				CLANG_ANALYZER_NUMBER_OBJECT_CONVERSION = YES_AGGRESSIVE;
				CLANG_CXX_LANGUAGE_STANDARD = "gnu++20";
				CLANG_ENABLE_MODULES = YES;
				CLANG_ENABLE_OBJC_ARC = YES;
				CLANG_ENABLE_OBJC_WEAK = YES;
				CLANG_WARN_BLOCK_CAPTURE_AUTORELEASING = YES;
				CLANG_WARN_BOOL_CONVERSION = YES;
				CLANG_WARN_COMMA = YES;
				CLANG_WARN_CONSTANT_CONVERSION = YES;
				CLANG_WARN_DEPRECATED_OBJC_IMPLEMENTATIONS = YES;
				CLANG_WARN_DIRECT_OBJC_ISA_USAGE = YES_ERROR;
				CLANG_WARN_DOCUMENTATION_COMMENTS = YES;
				CLANG_WARN_EMPTY_BODY = YES;
				CLANG_WARN_ENUM_CONVERSION = YES;
				CLANG_WARN_INFINITE_RECURSION = YES;
				CLANG_WARN_INT_CONVERSION = YES;
				CLANG_WARN_NON_LITERAL_NULL_CONVERSION = YES;
				CLANG_WARN_OBJC_IMPLICIT_RETAIN_SELF = YES;
				CLANG_WARN_OBJC_LITERAL_CONVERSION = YES;
				CLANG_WARN_OBJC_ROOT_CLASS = YES_ERROR;
				CLANG_WARN_QUOTED_INCLUDE_IN_FRAMEWORK_HEADER = YES;
				CLANG_WARN_RANGE_LOOP_ANALYSIS = YES;
				CLANG_WARN_STRICT_PROTOTYPES = YES;
				CLANG_WARN_SUSPICIOUS_MOVE = YES;
				CLANG_WARN_UNGUARDED_AVAILABILITY = YES_AGGRESSIVE;
				CLANG_WARN_UNREACHABLE_CODE = YES;
				CLANG_WARN__DUPLICATE_METHOD_MATCH = YES;
				COPY_PHASE_STRIP = NO;
				DEBUG_INFORMATION_FORMAT = dwarf;
				ENABLE_STRICT_OBJC_MSGSEND = YES;
				ENABLE_TESTABILITY = YES;
				GCC_C_LANGUAGE_STANDARD = gnu11;
				GCC_DYNAMIC_NO_PIC = NO;
				GCC_NO_COMMON_BLOCKS = YES;
				GCC_OPTIMIZATION_LEVEL = 0;
				GCC_PREPROCESSOR_DEFINITIONS = (
					"DEBUG=1",
					"$(inherited)",
				);
				GCC_WARN_64_TO_32_BIT_CONVERSION = YES;
				GCC_WARN_ABOUT_RETURN_TYPE = YES_ERROR;
				GCC_WARN_UNDECLARED_SELECTOR = YES;
				GCC_WARN_UNINITIALIZED_AUTOS = YES_AGGRESSIVE;
				GCC_WARN_UNUSED_FUNCTION = YES;
				GCC_WARN_UNUSED_VARIABLE = YES;
				IPHONEOS_DEPLOYMENT_TARGET = 16.2;
				MTL_ENABLE_DEBUG_INFO = INCLUDE_SOURCE;
				MTL_FAST_MATH = YES;
				ONLY_ACTIVE_ARCH = YES;
				SDKROOT = iphoneos;
				SWIFT_ACTIVE_COMPILATION_CONDITIONS = DEBUG;
				SWIFT_OPTIMIZATION_LEVEL = "-Onone";
			};
			name = Debug;
		};
		E47461532A39E405001EBCDE /* Release */ = {
			isa = XCBuildConfiguration;
			buildSettings = {
				ALWAYS_SEARCH_USER_PATHS = NO;
				CLANG_ANALYZER_NONNULL = YES;
				CLANG_ANALYZER_NUMBER_OBJECT_CONVERSION = YES_AGGRESSIVE;
				CLANG_CXX_LANGUAGE_STANDARD = "gnu++20";
				CLANG_ENABLE_MODULES = YES;
				CLANG_ENABLE_OBJC_ARC = YES;
				CLANG_ENABLE_OBJC_WEAK = YES;
				CLANG_WARN_BLOCK_CAPTURE_AUTORELEASING = YES;
				CLANG_WARN_BOOL_CONVERSION = YES;
				CLANG_WARN_COMMA = YES;
				CLANG_WARN_CONSTANT_CONVERSION = YES;
				CLANG_WARN_DEPRECATED_OBJC_IMPLEMENTATIONS = YES;
				CLANG_WARN_DIRECT_OBJC_ISA_USAGE = YES_ERROR;
				CLANG_WARN_DOCUMENTATION_COMMENTS = YES;
				CLANG_WARN_EMPTY_BODY = YES;
				CLANG_WARN_ENUM_CONVERSION = YES;
				CLANG_WARN_INFINITE_RECURSION = YES;
				CLANG_WARN_INT_CONVERSION = YES;
				CLANG_WARN_NON_LITERAL_NULL_CONVERSION = YES;
				CLANG_WARN_OBJC_IMPLICIT_RETAIN_SELF = YES;
				CLANG_WARN_OBJC_LITERAL_CONVERSION = YES;
				CLANG_WARN_OBJC_ROOT_CLASS = YES_ERROR;
				CLANG_WARN_QUOTED_INCLUDE_IN_FRAMEWORK_HEADER = YES;
				CLANG_WARN_RANGE_LOOP_ANALYSIS = YES;
				CLANG_WARN_STRICT_PROTOTYPES = YES;
				CLANG_WARN_SUSPICIOUS_MOVE = YES;
				CLANG_WARN_UNGUARDED_AVAILABILITY = YES_AGGRESSIVE;
				CLANG_WARN_UNREACHABLE_CODE = YES;
				CLANG_WARN__DUPLICATE_METHOD_MATCH = YES;
				COPY_PHASE_STRIP = NO;
				DEBUG_INFORMATION_FORMAT = "dwarf-with-dsym";
				ENABLE_NS_ASSERTIONS = NO;
				ENABLE_STRICT_OBJC_MSGSEND = YES;
				GCC_C_LANGUAGE_STANDARD = gnu11;
				GCC_NO_COMMON_BLOCKS = YES;
				GCC_WARN_64_TO_32_BIT_CONVERSION = YES;
				GCC_WARN_ABOUT_RETURN_TYPE = YES_ERROR;
				GCC_WARN_UNDECLARED_SELECTOR = YES;
				GCC_WARN_UNINITIALIZED_AUTOS = YES_AGGRESSIVE;
				GCC_WARN_UNUSED_FUNCTION = YES;
				GCC_WARN_UNUSED_VARIABLE = YES;
				IPHONEOS_DEPLOYMENT_TARGET = 16.2;
				MTL_ENABLE_DEBUG_INFO = NO;
				MTL_FAST_MATH = YES;
				SDKROOT = iphoneos;
				SWIFT_COMPILATION_MODE = wholemodule;
				SWIFT_OPTIMIZATION_LEVEL = "-O";
				VALIDATE_PRODUCT = YES;
			};
			name = Release;
		};
		E47461552A39E405001EBCDE /* Debug */ = {
			isa = XCBuildConfiguration;
			baseConfigurationReference = 024AF58A909FC6CE1AD06138 /* Pods-TestMapBox.debug.xcconfig */;
			buildSettings = {
				ASSETCATALOG_COMPILER_APPICON_NAME = AppIcon;
				ASSETCATALOG_COMPILER_GLOBAL_ACCENT_COLOR_NAME = AccentColor;
				CODE_SIGN_STYLE = Automatic;
				CURRENT_PROJECT_VERSION = 1;
				DEVELOPMENT_TEAM = VZ3T8DL28G;
				GENERATE_INFOPLIST_FILE = YES;
				INFOPLIST_FILE = TestMapBox/Info.plist;
				INFOPLIST_KEY_UIApplicationSupportsIndirectInputEvents = YES;
				INFOPLIST_KEY_UILaunchStoryboardName = LaunchScreen;
				INFOPLIST_KEY_UIMainStoryboardFile = Main;
				INFOPLIST_KEY_UISupportedInterfaceOrientations_iPad = "UIInterfaceOrientationPortrait UIInterfaceOrientationPortraitUpsideDown UIInterfaceOrientationLandscapeLeft UIInterfaceOrientationLandscapeRight";
				INFOPLIST_KEY_UISupportedInterfaceOrientations_iPhone = "UIInterfaceOrientationPortrait UIInterfaceOrientationLandscapeLeft UIInterfaceOrientationLandscapeRight";
				LD_RUNPATH_SEARCH_PATHS = (
					"$(inherited)",
					"@executable_path/Frameworks",
				);
				MARKETING_VERSION = 1.0;
				PRODUCT_BUNDLE_IDENTIFIER = com.testMapBox.TestMapBox;
				PRODUCT_NAME = "$(TARGET_NAME)";
				SWIFT_EMIT_LOC_STRINGS = YES;
				SWIFT_VERSION = 5.0;
				TARGETED_DEVICE_FAMILY = "1,2";
			};
			name = Debug;
		};
		E47461562A39E405001EBCDE /* Release */ = {
			isa = XCBuildConfiguration;
			baseConfigurationReference = F9EB23BE9EA1860214A4CAAF /* Pods-TestMapBox.release.xcconfig */;
			buildSettings = {
				ASSETCATALOG_COMPILER_APPICON_NAME = AppIcon;
				ASSETCATALOG_COMPILER_GLOBAL_ACCENT_COLOR_NAME = AccentColor;
				CODE_SIGN_STYLE = Automatic;
				CURRENT_PROJECT_VERSION = 1;
				DEVELOPMENT_TEAM = VZ3T8DL28G;
				GENERATE_INFOPLIST_FILE = YES;
				INFOPLIST_FILE = TestMapBox/Info.plist;
				INFOPLIST_KEY_UIApplicationSupportsIndirectInputEvents = YES;
				INFOPLIST_KEY_UILaunchStoryboardName = LaunchScreen;
				INFOPLIST_KEY_UIMainStoryboardFile = Main;
				INFOPLIST_KEY_UISupportedInterfaceOrientations_iPad = "UIInterfaceOrientationPortrait UIInterfaceOrientationPortraitUpsideDown UIInterfaceOrientationLandscapeLeft UIInterfaceOrientationLandscapeRight";
				INFOPLIST_KEY_UISupportedInterfaceOrientations_iPhone = "UIInterfaceOrientationPortrait UIInterfaceOrientationLandscapeLeft UIInterfaceOrientationLandscapeRight";
				LD_RUNPATH_SEARCH_PATHS = (
					"$(inherited)",
					"@executable_path/Frameworks",
				);
				MARKETING_VERSION = 1.0;
				PRODUCT_BUNDLE_IDENTIFIER = com.testMapBox.TestMapBox;
				PRODUCT_NAME = "$(TARGET_NAME)";
				SWIFT_EMIT_LOC_STRINGS = YES;
				SWIFT_VERSION = 5.0;
				TARGETED_DEVICE_FAMILY = "1,2";
			};
			name = Release;
		};
		E47461582A39E405001EBCDE /* Debug */ = {
			isa = XCBuildConfiguration;
			baseConfigurationReference = 515A8B76307CC490FAD6D28B /* Pods-TestMapBoxTests.debug.xcconfig */;
			buildSettings = {
				ALWAYS_EMBED_SWIFT_STANDARD_LIBRARIES = YES;
				BUNDLE_LOADER = "$(TEST_HOST)";
				CODE_SIGN_STYLE = Automatic;
				CURRENT_PROJECT_VERSION = 1;
				DEVELOPMENT_TEAM = VZ3T8DL28G;
				GENERATE_INFOPLIST_FILE = YES;
				IPHONEOS_DEPLOYMENT_TARGET = 16.2;
				MARKETING_VERSION = 1.0;
				PRODUCT_BUNDLE_IDENTIFIER = com.testMapBox.TestMapBoxTests;
				PRODUCT_NAME = "$(TARGET_NAME)";
				SWIFT_EMIT_LOC_STRINGS = NO;
				SWIFT_VERSION = 5.0;
				TARGETED_DEVICE_FAMILY = "1,2";
				TEST_HOST = "$(BUILT_PRODUCTS_DIR)/TestMapBox.app/$(BUNDLE_EXECUTABLE_FOLDER_PATH)/TestMapBox";
			};
			name = Debug;
		};
		E47461592A39E405001EBCDE /* Release */ = {
			isa = XCBuildConfiguration;
			baseConfigurationReference = 6C8FF4F31D9C22AFA0E4393A /* Pods-TestMapBoxTests.release.xcconfig */;
			buildSettings = {
				ALWAYS_EMBED_SWIFT_STANDARD_LIBRARIES = YES;
				BUNDLE_LOADER = "$(TEST_HOST)";
				CODE_SIGN_STYLE = Automatic;
				CURRENT_PROJECT_VERSION = 1;
				DEVELOPMENT_TEAM = VZ3T8DL28G;
				GENERATE_INFOPLIST_FILE = YES;
				IPHONEOS_DEPLOYMENT_TARGET = 16.2;
				MARKETING_VERSION = 1.0;
				PRODUCT_BUNDLE_IDENTIFIER = com.testMapBox.TestMapBoxTests;
				PRODUCT_NAME = "$(TARGET_NAME)";
				SWIFT_EMIT_LOC_STRINGS = NO;
				SWIFT_VERSION = 5.0;
				TARGETED_DEVICE_FAMILY = "1,2";
				TEST_HOST = "$(BUILT_PRODUCTS_DIR)/TestMapBox.app/$(BUNDLE_EXECUTABLE_FOLDER_PATH)/TestMapBox";
			};
			name = Release;
		};
		E474615B2A39E405001EBCDE /* Debug */ = {
			isa = XCBuildConfiguration;
			baseConfigurationReference = 91A61E74DE3FCB414694CCFF /* Pods-TestMapBox-TestMapBoxUITests.debug.xcconfig */;
			buildSettings = {
				ALWAYS_EMBED_SWIFT_STANDARD_LIBRARIES = YES;
				CODE_SIGN_STYLE = Automatic;
				CURRENT_PROJECT_VERSION = 1;
				DEVELOPMENT_TEAM = VZ3T8DL28G;
				GENERATE_INFOPLIST_FILE = YES;
				MARKETING_VERSION = 1.0;
				PRODUCT_BUNDLE_IDENTIFIER = com.testMapBox.TestMapBoxUITests;
				PRODUCT_NAME = "$(TARGET_NAME)";
				SWIFT_EMIT_LOC_STRINGS = NO;
				SWIFT_VERSION = 5.0;
				TARGETED_DEVICE_FAMILY = "1,2";
				TEST_TARGET_NAME = TestMapBox;
			};
			name = Debug;
		};
		E474615C2A39E405001EBCDE /* Release */ = {
			isa = XCBuildConfiguration;
			baseConfigurationReference = 6D4F2C631118CB36987DAC69 /* Pods-TestMapBox-TestMapBoxUITests.release.xcconfig */;
			buildSettings = {
				ALWAYS_EMBED_SWIFT_STANDARD_LIBRARIES = YES;
				CODE_SIGN_STYLE = Automatic;
				CURRENT_PROJECT_VERSION = 1;
				DEVELOPMENT_TEAM = VZ3T8DL28G;
				GENERATE_INFOPLIST_FILE = YES;
				MARKETING_VERSION = 1.0;
				PRODUCT_BUNDLE_IDENTIFIER = com.testMapBox.TestMapBoxUITests;
				PRODUCT_NAME = "$(TARGET_NAME)";
				SWIFT_EMIT_LOC_STRINGS = NO;
				SWIFT_VERSION = 5.0;
				TARGETED_DEVICE_FAMILY = "1,2";
				TEST_TARGET_NAME = TestMapBox;
			};
			name = Release;
		};
/* End XCBuildConfiguration section */

/* Begin XCConfigurationList section */
		E47461252A39E404001EBCDE /* Build configuration list for PBXProject "TestMapBox" */ = {
			isa = XCConfigurationList;
			buildConfigurations = (
				E47461522A39E405001EBCDE /* Debug */,
				E47461532A39E405001EBCDE /* Release */,
			);
			defaultConfigurationIsVisible = 0;
			defaultConfigurationName = Release;
		};
		E47461542A39E405001EBCDE /* Build configuration list for PBXNativeTarget "TestMapBox" */ = {
			isa = XCConfigurationList;
			buildConfigurations = (
				E47461552A39E405001EBCDE /* Debug */,
				E47461562A39E405001EBCDE /* Release */,
			);
			defaultConfigurationIsVisible = 0;
			defaultConfigurationName = Release;
		};
		E47461572A39E405001EBCDE /* Build configuration list for PBXNativeTarget "TestMapBoxTests" */ = {
			isa = XCConfigurationList;
			buildConfigurations = (
				E47461582A39E405001EBCDE /* Debug */,
				E47461592A39E405001EBCDE /* Release */,
			);
			defaultConfigurationIsVisible = 0;
			defaultConfigurationName = Release;
		};
		E474615A2A39E405001EBCDE /* Build configuration list for PBXNativeTarget "TestMapBoxUITests" */ = {
			isa = XCConfigurationList;
			buildConfigurations = (
				E474615B2A39E405001EBCDE /* Debug */,
				E474615C2A39E405001EBCDE /* Release */,
			);
			defaultConfigurationIsVisible = 0;
			defaultConfigurationName = Release;
		};
/* End XCConfigurationList section */
	};
	rootObject = E47461222A39E404001EBCDE /* Project object */;
}
